// !$*UTF8*$!
{
	archiveVersion = 1;
	classes = {
	};
	objectVersion = 55;
	objects = {

/* Begin PBXBuildFile section */
		D018306B2742E567000889E2 /* ListeItem.swift in Sources */ = {isa = PBXBuildFile; fileRef = D018306A2742E567000889E2 /* ListeItem.swift */; };
		D018306C2742E567000889E2 /* ListeItem.swift in Sources */ = {isa = PBXBuildFile; fileRef = D018306A2742E567000889E2 /* ListeItem.swift */; };
		D018306E2743BB1C000889E2 /* ListeGroupe.swift in Sources */ = {isa = PBXBuildFile; fileRef = D018306D2743BB1C000889E2 /* ListeGroupe.swift */; };
		D018306F2743BB1C000889E2 /* ListeGroupe.swift in Sources */ = {isa = PBXBuildFile; fileRef = D018306D2743BB1C000889E2 /* ListeGroupe.swift */; };
		D01830712743BEEC000889E2 /* VueDetailGroupe.swift in Sources */ = {isa = PBXBuildFile; fileRef = D01830702743BEEC000889E2 /* VueDetailGroupe.swift */; };
		D01830722743BEEC000889E2 /* VueDetailGroupe.swift in Sources */ = {isa = PBXBuildFile; fileRef = D01830702743BEEC000889E2 /* VueDetailGroupe.swift */; };
		D01830742743C068000889E2 /* VueCartographique.swift in Sources */ = {isa = PBXBuildFile; fileRef = D01830732743C068000889E2 /* VueCartographique.swift */; };
		D01830752743C068000889E2 /* VueCartographique.swift in Sources */ = {isa = PBXBuildFile; fileRef = D01830732743C068000889E2 /* VueCartographique.swift */; };
		D01830772743DDE4000889E2 /* VuePrincipale.swift in Sources */ = {isa = PBXBuildFile; fileRef = D01830762743DDE4000889E2 /* VuePrincipale.swift */; };
		D01830782743DDE4000889E2 /* VuePrincipale.swift in Sources */ = {isa = PBXBuildFile; fileRef = D01830762743DDE4000889E2 /* VuePrincipale.swift */; };
		D018307A2743F98D000889E2 /* VueAjouterGroupe.swift in Sources */ = {isa = PBXBuildFile; fileRef = D01830792743F98D000889E2 /* VueAjouterGroupe.swift */; };
		D018307B2743F98D000889E2 /* VueAjouterGroupe.swift in Sources */ = {isa = PBXBuildFile; fileRef = D01830792743F98D000889E2 /* VueAjouterGroupe.swift */; };
		D018308027464271000889E2 /* VueAffectationItemGroupe.swift in Sources */ = {isa = PBXBuildFile; fileRef = D018307F27464271000889E2 /* VueAffectationItemGroupe.swift */; };
		D018308127464271000889E2 /* VueAffectationItemGroupe.swift in Sources */ = {isa = PBXBuildFile; fileRef = D018307F27464271000889E2 /* VueAffectationItemGroupe.swift */; };
		D01830832746446E000889E2 /* VueCelluleItemGroupe.swift in Sources */ = {isa = PBXBuildFile; fileRef = D01830822746446E000889E2 /* VueCelluleItemGroupe.swift */; };
		D01830842746446E000889E2 /* VueCelluleItemGroupe.swift in Sources */ = {isa = PBXBuildFile; fileRef = D01830822746446E000889E2 /* VueCelluleItemGroupe.swift */; };
		D018308627466129000889E2 /* Item+.swift in Sources */ = {isa = PBXBuildFile; fileRef = D018308527466129000889E2 /* Item+.swift */; };
		D018308727466129000889E2 /* Item+.swift in Sources */ = {isa = PBXBuildFile; fileRef = D018308527466129000889E2 /* Item+.swift */; };
		D0203D0E2785BFC300C6A5A6 /* VueValeurItemPrincipal.swift in Sources */ = {isa = PBXBuildFile; fileRef = D0203D0D2785BFC300C6A5A6 /* VueValeurItemPrincipal.swift */; };
		D0203D0F2785BFC300C6A5A6 /* VueValeurItemPrincipal.swift in Sources */ = {isa = PBXBuildFile; fileRef = D0203D0D2785BFC300C6A5A6 /* VueValeurItemPrincipal.swift */; };
		D0385A242771BEF10063E926 /* Vues+.swift in Sources */ = {isa = PBXBuildFile; fileRef = D0385A232771BEF10063E926 /* Vues+.swift */; };
		D0385A252771BEF10063E926 /* Vues+.swift in Sources */ = {isa = PBXBuildFile; fileRef = D0385A232771BEF10063E926 /* Vues+.swift */; };
		D0385A2D277211010063E926 /* Reglages.swift in Sources */ = {isa = PBXBuildFile; fileRef = D0385A2C277211010063E926 /* Reglages.swift */; };
		D0385A2E277211010063E926 /* Reglages.swift in Sources */ = {isa = PBXBuildFile; fileRef = D0385A2C277211010063E926 /* Reglages.swift */; };
		D0385A3027724D010063E926 /* Voyant.swift in Sources */ = {isa = PBXBuildFile; fileRef = D0385A2F27724D010063E926 /* Voyant.swift */; };
		D0385A3127724D010063E926 /* Voyant.swift in Sources */ = {isa = PBXBuildFile; fileRef = D0385A2F27724D010063E926 /* Voyant.swift */; };
		D04A0D562732DF2900EFDCAC /* Historien.swift in Sources */ = {isa = PBXBuildFile; fileRef = D04A0D552732DF2900EFDCAC /* Historien.swift */; };
		D04A0D572732DF2900EFDCAC /* Historien.swift in Sources */ = {isa = PBXBuildFile; fileRef = D04A0D552732DF2900EFDCAC /* Historien.swift */; };
		D04B259127747C5800AD171D /* Groupe+CoreDataProperties.swift in Sources */ = {isa = PBXBuildFile; fileRef = D04B258F27747C5800AD171D /* Groupe+CoreDataProperties.swift */; };
		D04B259227747C5800AD171D /* Groupe+CoreDataProperties.swift in Sources */ = {isa = PBXBuildFile; fileRef = D04B258F27747C5800AD171D /* Groupe+CoreDataProperties.swift */; };
		D04B259327747C5800AD171D /* Item+CoreDataProperties.swift in Sources */ = {isa = PBXBuildFile; fileRef = D04B259027747C5800AD171D /* Item+CoreDataProperties.swift */; };
		D04B259427747C5800AD171D /* Item+CoreDataProperties.swift in Sources */ = {isa = PBXBuildFile; fileRef = D04B259027747C5800AD171D /* Item+CoreDataProperties.swift */; };
		D04B2596277869BD00AD171D /* Coordonnees+.swift in Sources */ = {isa = PBXBuildFile; fileRef = D04B2595277869BD00AD171D /* Coordonnees+.swift */; };
		D04B2597277869BD00AD171D /* Coordonnees+.swift in Sources */ = {isa = PBXBuildFile; fileRef = D04B2595277869BD00AD171D /* Coordonnees+.swift */; };
		D04B25CD2779C44E00AD171D /* Lieu.swift in Sources */ = {isa = PBXBuildFile; fileRef = D04B25CC2779C44D00AD171D /* Lieu.swift */; };
		D04B25CE2779C44E00AD171D /* Lieu.swift in Sources */ = {isa = PBXBuildFile; fileRef = D04B25CC2779C44D00AD171D /* Lieu.swift */; };
		D04B25D32779C4BC00AD171D /* VueEditionLieu.swift in Sources */ = {isa = PBXBuildFile; fileRef = D04B25D22779C4BC00AD171D /* VueEditionLieu.swift */; };
		D04B25D42779C4BC00AD171D /* VueEditionLieu.swift in Sources */ = {isa = PBXBuildFile; fileRef = D04B25D22779C4BC00AD171D /* VueEditionLieu.swift */; };
		D04EDA95273137F6009BB455 /* ConteneurCloudKitApp.swift in Sources */ = {isa = PBXBuildFile; fileRef = D04EDA82273137F5009BB455 /* ConteneurCloudKitApp.swift */; };
		D04EDA96273137F6009BB455 /* ConteneurCloudKitApp.swift in Sources */ = {isa = PBXBuildFile; fileRef = D04EDA82273137F5009BB455 /* ConteneurCloudKitApp.swift */; };
		D04EDA99273137F6009BB455 /* Persistence.swift in Sources */ = {isa = PBXBuildFile; fileRef = D04EDA84273137F5009BB455 /* Persistence.swift */; };
		D04EDA9A273137F6009BB455 /* Persistence.swift in Sources */ = {isa = PBXBuildFile; fileRef = D04EDA84273137F5009BB455 /* Persistence.swift */; };
		D04EDA9B273137F6009BB455 /* Assets.xcassets in Resources */ = {isa = PBXBuildFile; fileRef = D04EDA85273137F6009BB455 /* Assets.xcassets */; };
		D04EDA9C273137F6009BB455 /* Assets.xcassets in Resources */ = {isa = PBXBuildFile; fileRef = D04EDA85273137F6009BB455 /* Assets.xcassets */; };
		D05AFAA427510C83001CCA52 /* EtiquetteCoordonnees.swift in Sources */ = {isa = PBXBuildFile; fileRef = D05AFAA327510C83001CCA52 /* EtiquetteCoordonnees.swift */; };
		D05AFAA527510C83001CCA52 /* EtiquetteCoordonnees.swift in Sources */ = {isa = PBXBuildFile; fileRef = D05AFAA327510C83001CCA52 /* EtiquetteCoordonnees.swift */; };
		D05AFAAB27561DF8001CCA52 /* Groupe+CoreDataClass.swift in Sources */ = {isa = PBXBuildFile; fileRef = D05AFAA727561DF8001CCA52 /* Groupe+CoreDataClass.swift */; };
		D05AFAAC27561DF8001CCA52 /* Groupe+CoreDataClass.swift in Sources */ = {isa = PBXBuildFile; fileRef = D05AFAA727561DF8001CCA52 /* Groupe+CoreDataClass.swift */; };
		D061AEE427805B8E00B19ED6 /* ConteneurCloudKit.xcdatamodel in Sources */ = {isa = PBXBuildFile; fileRef = D061AEE327805B8E00B19ED6 /* ConteneurCloudKit.xcdatamodel */; };
		D061AEE527805B8E00B19ED6 /* ConteneurCloudKit.xcdatamodel in Sources */ = {isa = PBXBuildFile; fileRef = D061AEE327805B8E00B19ED6 /* ConteneurCloudKit.xcdatamodel */; };
		D0627E95275A412B00F51592 /* ListeCollaboratif.swift in Sources */ = {isa = PBXBuildFile; fileRef = D0627E94275A412B00F51592 /* ListeCollaboratif.swift */; };
		D0627E96275A412B00F51592 /* ListeCollaboratif.swift in Sources */ = {isa = PBXBuildFile; fileRef = D0627E94275A412B00F51592 /* ListeCollaboratif.swift */; };
		D06D875927567DDA0038C955 /* Utilisateur.swift in Sources */ = {isa = PBXBuildFile; fileRef = D06D875827567DDA0038C955 /* Utilisateur.swift */; };
		D06D875A27567DDA0038C955 /* Utilisateur.swift in Sources */ = {isa = PBXBuildFile; fileRef = D06D875827567DDA0038C955 /* Utilisateur.swift */; };
		D0A232AF27746649006A3320 /* Etiquette.swift in Sources */ = {isa = PBXBuildFile; fileRef = D0A232AE27746649006A3320 /* Etiquette.swift */; };
		D0A232B027746649006A3320 /* Etiquette.swift in Sources */ = {isa = PBXBuildFile; fileRef = D0A232AE27746649006A3320 /* Etiquette.swift */; };
		D0B84E422764A885000E6849 /* VueModifGroupe.swift in Sources */ = {isa = PBXBuildFile; fileRef = D0B84E412764A885000E6849 /* VueModifGroupe.swift */; };
		D0B84E432764A885000E6849 /* VueModifGroupe.swift in Sources */ = {isa = PBXBuildFile; fileRef = D0B84E412764A885000E6849 /* VueModifGroupe.swift */; };
		D0BD19C327317A6500E01EF5 /* CloudKit.framework in Frameworks */ = {isa = PBXBuildFile; fileRef = D0BD19C227317A6500E01EF5 /* CloudKit.framework */; };
		D0C9D9B7274E452600388059 /* Horloge.swift in Sources */ = {isa = PBXBuildFile; fileRef = D0C9D9B6274E452600388059 /* Horloge.swift */; };
		D0C9D9B8274E452600388059 /* Horloge.swift in Sources */ = {isa = PBXBuildFile; fileRef = D0C9D9B6274E452600388059 /* Horloge.swift */; };
		D0DFCA4B278D879400914ECF /* BarreOutilsItem.swift in Sources */ = {isa = PBXBuildFile; fileRef = D085AA2F276DF88100535552 /* BarreOutilsItem.swift */; };
		D0DFCA4C278D879600914ECF /* BarreOutilsItem.swift in Sources */ = {isa = PBXBuildFile; fileRef = D085AA2F276DF88100535552 /* BarreOutilsItem.swift */; };
		D0DFCA51278EDC4300914ECF /* VuePrincipale-ViewModel.swift in Sources */ = {isa = PBXBuildFile; fileRef = D0DFCA50278EDC4300914ECF /* VuePrincipale-ViewModel.swift */; };
		D0DFCA52278EDC4300914ECF /* VuePrincipale-ViewModel.swift in Sources */ = {isa = PBXBuildFile; fileRef = D0DFCA50278EDC4300914ECF /* VuePrincipale-ViewModel.swift */; };
		D0DFCA542791BDF200914ECF /* VueDetailItem.swift in Sources */ = {isa = PBXBuildFile; fileRef = D0DFCA532791BDF200914ECF /* VueDetailItem.swift */; };
		D0DFCA552791BDF200914ECF /* VueDetailItem.swift in Sources */ = {isa = PBXBuildFile; fileRef = D0DFCA532791BDF200914ECF /* VueDetailItem.swift */; };
		D0DFCA572791CC6600914ECF /* VueCarte.swift in Sources */ = {isa = PBXBuildFile; fileRef = D0DFCA562791CC6600914ECF /* VueCarte.swift */; };
		D0DFCA582791CC6600914ECF /* VueCarte.swift in Sources */ = {isa = PBXBuildFile; fileRef = D0DFCA562791CC6600914ECF /* VueCarte.swift */; };
		D0DFCA5A2792ECC500914ECF /* VueModifItem.swift in Sources */ = {isa = PBXBuildFile; fileRef = D0DFCA592792ECC500914ECF /* VueModifItem.swift */; };
		D0DFCA5B2792ECC500914ECF /* VueModifItem.swift in Sources */ = {isa = PBXBuildFile; fileRef = D0DFCA592792ECC500914ECF /* VueModifItem.swift */; };
		D0DFCA6A27943F4800914ECF /* VueCarteEdition.swift in Sources */ = {isa = PBXBuildFile; fileRef = D0DFCA6927943F4800914ECF /* VueCarteEdition.swift */; };
		D0DFCA6B27943F4800914ECF /* VueCarteEdition.swift in Sources */ = {isa = PBXBuildFile; fileRef = D0DFCA6927943F4800914ECF /* VueCarteEdition.swift */; };
		D0E22A2C278058D700F4F89C /* ConteneurCloudKit.xcdatamodeld in Sources */ = {isa = PBXBuildFile; fileRef = D0E22A2A278058D700F4F89C /* ConteneurCloudKit.xcdatamodeld */; };
		D0E22A2D278058D700F4F89C /* ConteneurCloudKit.xcdatamodeld in Sources */ = {isa = PBXBuildFile; fileRef = D0E22A2A278058D700F4F89C /* ConteneurCloudKit.xcdatamodeld */; };
		D0E893C727561FBB0054951E /* Item+CoreDataClass.swift in Sources */ = {isa = PBXBuildFile; fileRef = D0E893C527561FBB0054951E /* Item+CoreDataClass.swift */; };
		D0E893C827561FBB0054951E /* Item+CoreDataClass.swift in Sources */ = {isa = PBXBuildFile; fileRef = D0E893C527561FBB0054951E /* Item+CoreDataClass.swift */; };
		D0E893CC27562E210054951E /* Groupe+.swift in Sources */ = {isa = PBXBuildFile; fileRef = D0E893CB27562E210054951E /* Groupe+.swift */; };
		D0E893CD27562E210054951E /* Groupe+.swift in Sources */ = {isa = PBXBuildFile; fileRef = D0E893CB27562E210054951E /* Groupe+.swift */; };
		D0E8972427877D7000A82214 /* Erreurs.swift in Sources */ = {isa = PBXBuildFile; fileRef = D0E8972327877D7000A82214 /* Erreurs.swift */; };
		D0E8972527877D7000A82214 /* Erreurs.swift in Sources */ = {isa = PBXBuildFile; fileRef = D0E8972327877D7000A82214 /* Erreurs.swift */; };
		D0E897272789957B00A82214 /* Etat.swift in Sources */ = {isa = PBXBuildFile; fileRef = D0E897262789957B00A82214 /* Etat.swift */; };
		D0E897282789957B00A82214 /* Etat.swift in Sources */ = {isa = PBXBuildFile; fileRef = D0E897262789957B00A82214 /* Etat.swift */; };
		D0E8974E278ACD0600A82214 /* Binding+.swift in Sources */ = {isa = PBXBuildFile; fileRef = D0E8974D278ACD0600A82214 /* Binding+.swift */; };
		D0E8974F278ACD0600A82214 /* Binding+.swift in Sources */ = {isa = PBXBuildFile; fileRef = D0E8974D278ACD0600A82214 /* Binding+.swift */; };
/* End PBXBuildFile section */

/* Begin PBXFileReference section */
		D018306A2742E567000889E2 /* ListeItem.swift */ = {isa = PBXFileReference; lastKnownFileType = sourcecode.swift; path = ListeItem.swift; sourceTree = "<group>"; };
		D018306D2743BB1C000889E2 /* ListeGroupe.swift */ = {isa = PBXFileReference; lastKnownFileType = sourcecode.swift; path = ListeGroupe.swift; sourceTree = "<group>"; };
		D01830702743BEEC000889E2 /* VueDetailGroupe.swift */ = {isa = PBXFileReference; lastKnownFileType = sourcecode.swift; path = VueDetailGroupe.swift; sourceTree = "<group>"; };
		D01830732743C068000889E2 /* VueCartographique.swift */ = {isa = PBXFileReference; lastKnownFileType = sourcecode.swift; path = VueCartographique.swift; sourceTree = "<group>"; };
		D01830762743DDE4000889E2 /* VuePrincipale.swift */ = {isa = PBXFileReference; lastKnownFileType = sourcecode.swift; path = VuePrincipale.swift; sourceTree = "<group>"; };
		D01830792743F98D000889E2 /* VueAjouterGroupe.swift */ = {isa = PBXFileReference; lastKnownFileType = sourcecode.swift; path = VueAjouterGroupe.swift; sourceTree = "<group>"; };
		D018307C274556DE000889E2 /* VueCarte-OLD.swift */ = {isa = PBXFileReference; lastKnownFileType = sourcecode.swift; path = "VueCarte-OLD.swift"; sourceTree = "<group>"; };
		D018307F27464271000889E2 /* VueAffectationItemGroupe.swift */ = {isa = PBXFileReference; lastKnownFileType = sourcecode.swift; path = VueAffectationItemGroupe.swift; sourceTree = "<group>"; };
		D01830822746446E000889E2 /* VueCelluleItemGroupe.swift */ = {isa = PBXFileReference; lastKnownFileType = sourcecode.swift; path = VueCelluleItemGroupe.swift; sourceTree = "<group>"; };
		D018308527466129000889E2 /* Item+.swift */ = {isa = PBXFileReference; lastKnownFileType = sourcecode.swift; path = "Item+.swift"; sourceTree = "<group>"; };
		D0203D0D2785BFC300C6A5A6 /* VueValeurItemPrincipal.swift */ = {isa = PBXFileReference; lastKnownFileType = sourcecode.swift; path = VueValeurItemPrincipal.swift; sourceTree = "<group>"; };
		D0385A232771BEF10063E926 /* Vues+.swift */ = {isa = PBXFileReference; lastKnownFileType = sourcecode.swift; name = "Vues+.swift"; path = "Vues/Vues+.swift"; sourceTree = "<group>"; };
		D0385A2C277211010063E926 /* Reglages.swift */ = {isa = PBXFileReference; lastKnownFileType = sourcecode.swift; path = Reglages.swift; sourceTree = "<group>"; };
		D0385A2F27724D010063E926 /* Voyant.swift */ = {isa = PBXFileReference; lastKnownFileType = sourcecode.swift; path = Voyant.swift; sourceTree = "<group>"; };
		D04A0D552732DF2900EFDCAC /* Historien.swift */ = {isa = PBXFileReference; lastKnownFileType = sourcecode.swift; path = Historien.swift; sourceTree = "<group>"; };
		D04A0D5E2735563000EFDCAC /* VueDetailItem-OLD.swift */ = {isa = PBXFileReference; fileEncoding = 4; lastKnownFileType = sourcecode.swift; path = "VueDetailItem-OLD.swift"; sourceTree = "<group>"; };
		D04B258F27747C5800AD171D /* Groupe+CoreDataProperties.swift */ = {isa = PBXFileReference; lastKnownFileType = sourcecode.swift; path = "Groupe+CoreDataProperties.swift"; sourceTree = SOURCE_ROOT; };
		D04B259027747C5800AD171D /* Item+CoreDataProperties.swift */ = {isa = PBXFileReference; lastKnownFileType = sourcecode.swift; path = "Item+CoreDataProperties.swift"; sourceTree = SOURCE_ROOT; };
		D04B2595277869BD00AD171D /* Coordonnees+.swift */ = {isa = PBXFileReference; lastKnownFileType = sourcecode.swift; name = "Coordonnees+.swift"; path = "Shared/Coordonnees+.swift"; sourceTree = SOURCE_ROOT; };
		D04B25CC2779C44D00AD171D /* Lieu.swift */ = {isa = PBXFileReference; fileEncoding = 4; lastKnownFileType = sourcecode.swift; path = Lieu.swift; sourceTree = "<group>"; };
		D04B25CF2779C48F00AD171D /* VueEditionCarte.swift */ = {isa = PBXFileReference; fileEncoding = 4; lastKnownFileType = sourcecode.swift; path = VueEditionCarte.swift; sourceTree = "<group>"; };
		D04B25D22779C4BC00AD171D /* VueEditionLieu.swift */ = {isa = PBXFileReference; fileEncoding = 4; lastKnownFileType = sourcecode.swift; path = VueEditionLieu.swift; sourceTree = "<group>"; };
		D04EDA82273137F5009BB455 /* ConteneurCloudKitApp.swift */ = {isa = PBXFileReference; lastKnownFileType = sourcecode.swift; path = ConteneurCloudKitApp.swift; sourceTree = "<group>"; };
		D04EDA84273137F5009BB455 /* Persistence.swift */ = {isa = PBXFileReference; lastKnownFileType = sourcecode.swift; path = Persistence.swift; sourceTree = "<group>"; };
		D04EDA85273137F6009BB455 /* Assets.xcassets */ = {isa = PBXFileReference; lastKnownFileType = folder.assetcatalog; path = Assets.xcassets; sourceTree = "<group>"; };
		D04EDA8A273137F6009BB455 /* ConteneurCloudKit.app */ = {isa = PBXFileReference; explicitFileType = wrapper.application; includeInIndex = 0; path = ConteneurCloudKit.app; sourceTree = BUILT_PRODUCTS_DIR; };
		D04EDA90273137F6009BB455 /* ConteneurCloudKit.app */ = {isa = PBXFileReference; explicitFileType = wrapper.application; includeInIndex = 0; path = ConteneurCloudKit.app; sourceTree = BUILT_PRODUCTS_DIR; };
		D04EDA92273137F6009BB455 /* macOS.entitlements */ = {isa = PBXFileReference; lastKnownFileType = text.plist.entitlements; path = macOS.entitlements; sourceTree = "<group>"; };
		D05AFAA327510C83001CCA52 /* EtiquetteCoordonnees.swift */ = {isa = PBXFileReference; lastKnownFileType = sourcecode.swift; path = EtiquetteCoordonnees.swift; sourceTree = "<group>"; };
		D05AFAA727561DF8001CCA52 /* Groupe+CoreDataClass.swift */ = {isa = PBXFileReference; lastKnownFileType = sourcecode.swift; path = "Groupe+CoreDataClass.swift"; sourceTree = SOURCE_ROOT; };
		D061AEE327805B8E00B19ED6 /* ConteneurCloudKit.xcdatamodel */ = {isa = PBXFileReference; lastKnownFileType = wrapper.xcdatamodel; name = ConteneurCloudKit.xcdatamodel; path = ConteneurCloudKit.xcdatamodeld/ConteneurCloudKit.xcdatamodel; sourceTree = "<group>"; };
		D0627E94275A412B00F51592 /* ListeCollaboratif.swift */ = {isa = PBXFileReference; fileEncoding = 4; lastKnownFileType = sourcecode.swift; path = ListeCollaboratif.swift; sourceTree = "<group>"; };
		D06D875827567DDA0038C955 /* Utilisateur.swift */ = {isa = PBXFileReference; lastKnownFileType = sourcecode.swift; path = Utilisateur.swift; sourceTree = "<group>"; };
		D085AA2E276DC6A500535552 /* NOTES.md */ = {isa = PBXFileReference; lastKnownFileType = net.daringfireball.markdown; path = NOTES.md; sourceTree = "<group>"; };
		D085AA2F276DF88100535552 /* BarreOutilsItem.swift */ = {isa = PBXFileReference; lastKnownFileType = sourcecode.swift; path = BarreOutilsItem.swift; sourceTree = SOURCE_ROOT; };
		D0A232AE27746649006A3320 /* Etiquette.swift */ = {isa = PBXFileReference; fileEncoding = 4; lastKnownFileType = sourcecode.swift; path = Etiquette.swift; sourceTree = "<group>"; };
		D0B84E412764A885000E6849 /* VueModifGroupe.swift */ = {isa = PBXFileReference; fileEncoding = 4; lastKnownFileType = sourcecode.swift; path = VueModifGroupe.swift; sourceTree = "<group>"; };
		D0BD19C027317A6000E01EF5 /* ConteneurCloudKit (iOS).entitlements */ = {isa = PBXFileReference; lastKnownFileType = text.plist.entitlements; path = "ConteneurCloudKit (iOS).entitlements"; sourceTree = "<group>"; };
		D0BD19C227317A6500E01EF5 /* CloudKit.framework */ = {isa = PBXFileReference; lastKnownFileType = wrapper.framework; name = CloudKit.framework; path = Platforms/iPhoneOS.platform/Developer/SDKs/iPhoneOS15.0.sdk/System/Library/Frameworks/CloudKit.framework; sourceTree = DEVELOPER_DIR; };
		D0BD19C427317A7500E01EF5 /* ConteneurCloudKit--iOS--Info.plist */ = {isa = PBXFileReference; lastKnownFileType = text.plist; path = "ConteneurCloudKit--iOS--Info.plist"; sourceTree = "<group>"; };
		D0C9D9B6274E452600388059 /* Horloge.swift */ = {isa = PBXFileReference; lastKnownFileType = sourcecode.swift; path = Horloge.swift; sourceTree = "<group>"; };
		D0DFCA50278EDC4300914ECF /* VuePrincipale-ViewModel.swift */ = {isa = PBXFileReference; fileEncoding = 4; lastKnownFileType = sourcecode.swift; path = "VuePrincipale-ViewModel.swift"; sourceTree = "<group>"; };
		D0DFCA532791BDF200914ECF /* VueDetailItem.swift */ = {isa = PBXFileReference; fileEncoding = 4; lastKnownFileType = sourcecode.swift; path = VueDetailItem.swift; sourceTree = "<group>"; };
		D0DFCA562791CC6600914ECF /* VueCarte.swift */ = {isa = PBXFileReference; fileEncoding = 4; lastKnownFileType = sourcecode.swift; path = VueCarte.swift; sourceTree = "<group>"; };
		D0DFCA592792ECC500914ECF /* VueModifItem.swift */ = {isa = PBXFileReference; fileEncoding = 4; lastKnownFileType = sourcecode.swift; path = VueModifItem.swift; sourceTree = "<group>"; };
		D0DFCA5C279351F000914ECF /* VueCarteTestNew.swift */ = {isa = PBXFileReference; fileEncoding = 4; lastKnownFileType = sourcecode.swift; path = VueCarteTestNew.swift; sourceTree = "<group>"; };
		D0DFCA5F279353F700914ECF /* VueModifItemTestNew.swift */ = {isa = PBXFileReference; fileEncoding = 4; lastKnownFileType = sourcecode.swift; path = VueModifItemTestNew.swift; sourceTree = "<group>"; };
		D0DFCA622793547D00914ECF /* VueTestItemNew.swift */ = {isa = PBXFileReference; fileEncoding = 4; lastKnownFileType = sourcecode.swift; path = VueTestItemNew.swift; sourceTree = "<group>"; };
		D0DFCA6927943F4800914ECF /* VueCarteEdition.swift */ = {isa = PBXFileReference; fileEncoding = 4; lastKnownFileType = sourcecode.swift; path = VueCarteEdition.swift; sourceTree = "<group>"; };
		D0E22A2B278058D700F4F89C /* ConteneurCloudKit.xcdatamodel */ = {isa = PBXFileReference; lastKnownFileType = wrapper.xcdatamodel; path = ConteneurCloudKit.xcdatamodel; sourceTree = "<group>"; };
		D0E893C527561FBB0054951E /* Item+CoreDataClass.swift */ = {isa = PBXFileReference; lastKnownFileType = sourcecode.swift; path = "Item+CoreDataClass.swift"; sourceTree = "<group>"; };
		D0E893CB27562E210054951E /* Groupe+.swift */ = {isa = PBXFileReference; fileEncoding = 4; lastKnownFileType = sourcecode.swift; path = "Groupe+.swift"; sourceTree = "<group>"; };
		D0E8972327877D7000A82214 /* Erreurs.swift */ = {isa = PBXFileReference; lastKnownFileType = sourcecode.swift; path = Erreurs.swift; sourceTree = "<group>"; };
		D0E897262789957B00A82214 /* Etat.swift */ = {isa = PBXFileReference; lastKnownFileType = sourcecode.swift; name = Etat.swift; path = Shared/Etat.swift; sourceTree = SOURCE_ROOT; };
		D0E8974D278ACD0600A82214 /* Binding+.swift */ = {isa = PBXFileReference; lastKnownFileType = sourcecode.swift; name = "Binding+.swift"; path = "Shared/Binding+.swift"; sourceTree = SOURCE_ROOT; };
		D0FF9C2B277A4C0D00902CF2 /* VueModifItemOLD.swift */ = {isa = PBXFileReference; fileEncoding = 4; lastKnownFileType = sourcecode.swift; path = VueModifItemOLD.swift; sourceTree = "<group>"; };
/* End PBXFileReference section */

/* Begin PBXFrameworksBuildPhase section */
		D04EDA87273137F6009BB455 /* Frameworks */ = {
			isa = PBXFrameworksBuildPhase;
			buildActionMask = 2147483647;
			files = (
				D0BD19C327317A6500E01EF5 /* CloudKit.framework in Frameworks */,
			);
			runOnlyForDeploymentPostprocessing = 0;
		};
		D04EDA8D273137F6009BB455 /* Frameworks */ = {
			isa = PBXFrameworksBuildPhase;
			buildActionMask = 2147483647;
			files = (
			);
			runOnlyForDeploymentPostprocessing = 0;
		};
/* End PBXFrameworksBuildPhase section */

/* Begin PBXGroup section */
		D04EDA7A273137F5009BB455 = {
			isa = PBXGroup;
			children = (
				D0BD19C427317A7500E01EF5 /* ConteneurCloudKit--iOS--Info.plist */,
				D0BD19C027317A6000E01EF5 /* ConteneurCloudKit (iOS).entitlements */,
				D04EDA7F273137F5009BB455 /* Shared */,
				D04EDA91273137F6009BB455 /* macOS */,
				D04EDA8B273137F6009BB455 /* Products */,
				D0BD19C127317A6500E01EF5 /* Frameworks */,
			);
			sourceTree = "<group>";
		};
		D04EDA7F273137F5009BB455 /* Shared */ = {
			isa = PBXGroup;
			children = (
				D085AA2E276DC6A500535552 /* NOTES.md */,
				D0E8974D278ACD0600A82214 /* Binding+.swift */,
				D0385A232771BEF10063E926 /* Vues+.swift */,
				D04B2595277869BD00AD171D /* Coordonnees+.swift */,
				D04EDA82273137F5009BB455 /* ConteneurCloudKitApp.swift */,
				D0E8972327877D7000A82214 /* Erreurs.swift */,
				D01830762743DDE4000889E2 /* VuePrincipale.swift */,
				D0DFCA50278EDC4300914ECF /* VuePrincipale-ViewModel.swift */,
				D06D875827567DDA0038C955 /* Utilisateur.swift */,
				D0C9D9B6274E452600388059 /* Horloge.swift */,
				D0A7BB7D2749797300E2073D /* Vues */,
				D0A7BB7C274978B900E2073D /* Stockage */,
				D0A7BB7B274977DD00E2073D /* Modèle */,
				D04EDA85273137F6009BB455 /* Assets.xcassets */,
			);
			path = Shared;
			sourceTree = "<group>";
		};
		D04EDA8B273137F6009BB455 /* Products */ = {
			isa = PBXGroup;
			children = (
				D04EDA8A273137F6009BB455 /* ConteneurCloudKit.app */,
				D04EDA90273137F6009BB455 /* ConteneurCloudKit.app */,
			);
			name = Products;
			sourceTree = "<group>";
		};
		D04EDA91273137F6009BB455 /* macOS */ = {
			isa = PBXGroup;
			children = (
				D04EDA92273137F6009BB455 /* macOS.entitlements */,
			);
			path = macOS;
			sourceTree = "<group>";
		};
		D0A7BB7B274977DD00E2073D /* Modèle */ = {
			isa = PBXGroup;
			children = (
				D061AEE327805B8E00B19ED6 /* ConteneurCloudKit.xcdatamodel */,
				D0E22A2A278058D700F4F89C /* ConteneurCloudKit.xcdatamodeld */,
				D04B259027747C5800AD171D /* Item+CoreDataProperties.swift */,
				D0E893C527561FBB0054951E /* Item+CoreDataClass.swift */,
				D018308527466129000889E2 /* Item+.swift */,
				D04B258F27747C5800AD171D /* Groupe+CoreDataProperties.swift */,
				D05AFAA727561DF8001CCA52 /* Groupe+CoreDataClass.swift */,
				D0E893CB27562E210054951E /* Groupe+.swift */,
				D0E897262789957B00A82214 /* Etat.swift */,
				D04B25CC2779C44D00AD171D /* Lieu.swift */,
			);
			name = "Modèle";
			path = "Modèle";
			sourceTree = "<group>";
		};
		D0A7BB7C274978B900E2073D /* Stockage */ = {
			isa = PBXGroup;
			children = (
				D04A0D552732DF2900EFDCAC /* Historien.swift */,
				D04EDA84273137F5009BB455 /* Persistence.swift */,
			);
			path = Stockage;
			sourceTree = "<group>";
		};
		D0A7BB7D2749797300E2073D /* Vues */ = {
			isa = PBXGroup;
			children = (
				D018306A2742E567000889E2 /* ListeItem.swift */,
				D0DFCA532791BDF200914ECF /* VueDetailItem.swift */,
				D0DFCA592792ECC500914ECF /* VueModifItem.swift */,
				D0DFCA562791CC6600914ECF /* VueCarte.swift */,
				D0DFCA6927943F4800914ECF /* VueCarteEdition.swift */,
				D04B25D22779C4BC00AD171D /* VueEditionLieu.swift */,
				D0385A2F27724D010063E926 /* Voyant.swift */,
				D0A232AE27746649006A3320 /* Etiquette.swift */,
				D05AFAA327510C83001CCA52 /* EtiquetteCoordonnees.swift */,
				D085AA2F276DF88100535552 /* BarreOutilsItem.swift */,
				D018306D2743BB1C000889E2 /* ListeGroupe.swift */,
				D01830702743BEEC000889E2 /* VueDetailGroupe.swift */,
				D01830792743F98D000889E2 /* VueAjouterGroupe.swift */,
				D0B84E412764A885000E6849 /* VueModifGroupe.swift */,
				D0203D0D2785BFC300C6A5A6 /* VueValeurItemPrincipal.swift */,
				D018307F27464271000889E2 /* VueAffectationItemGroupe.swift */,
				D01830732743C068000889E2 /* VueCartographique.swift */,
				D0627E94275A412B00F51592 /* ListeCollaboratif.swift */,
				D01830822746446E000889E2 /* VueCelluleItemGroupe.swift */,
				D0385A2C277211010063E926 /* Reglages.swift */,
				D0DFCA65279402C300914ECF /* OLD et TEST */,
			);
			path = Vues;
			sourceTree = "<group>";
		};
		D0BD19C127317A6500E01EF5 /* Frameworks */ = {
			isa = PBXGroup;
			children = (
				D0BD19C227317A6500E01EF5 /* CloudKit.framework */,
			);
			name = Frameworks;
			sourceTree = "<group>";
		};
		D0DFCA65279402C300914ECF /* OLD et TEST */ = {
			isa = PBXGroup;
			children = (
				D04B25CF2779C48F00AD171D /* VueEditionCarte.swift */,
				D04A0D5E2735563000EFDCAC /* VueDetailItem-OLD.swift */,
				D0DFCA622793547D00914ECF /* VueTestItemNew.swift */,
				D0FF9C2B277A4C0D00902CF2 /* VueModifItemOLD.swift */,
				D0DFCA5F279353F700914ECF /* VueModifItemTestNew.swift */,
				D018307C274556DE000889E2 /* VueCarte-OLD.swift */,
				D0DFCA5C279351F000914ECF /* VueCarteTestNew.swift */,
			);
			path = "OLD et TEST";
			sourceTree = "<group>";
		};
/* End PBXGroup section */

/* Begin PBXNativeTarget section */
		D04EDA89273137F6009BB455 /* ConteneurCloudKit (iOS) */ = {
			isa = PBXNativeTarget;
			buildConfigurationList = D04EDA9F273137F6009BB455 /* Build configuration list for PBXNativeTarget "ConteneurCloudKit (iOS)" */;
			buildPhases = (
				D04EDA86273137F6009BB455 /* Sources */,
				D04EDA87273137F6009BB455 /* Frameworks */,
				D04EDA88273137F6009BB455 /* Resources */,
			);
			buildRules = (
			);
			dependencies = (
			);
			name = "ConteneurCloudKit (iOS)";
			productName = "ConteneurCloudKit (iOS)";
			productReference = D04EDA8A273137F6009BB455 /* ConteneurCloudKit.app */;
			productType = "com.apple.product-type.application";
		};
		D04EDA8F273137F6009BB455 /* ConteneurCloudKit (macOS) */ = {
			isa = PBXNativeTarget;
			buildConfigurationList = D04EDAA2273137F6009BB455 /* Build configuration list for PBXNativeTarget "ConteneurCloudKit (macOS)" */;
			buildPhases = (
				D04EDA8C273137F6009BB455 /* Sources */,
				D04EDA8D273137F6009BB455 /* Frameworks */,
				D04EDA8E273137F6009BB455 /* Resources */,
			);
			buildRules = (
			);
			dependencies = (
			);
			name = "ConteneurCloudKit (macOS)";
			productName = "ConteneurCloudKit (macOS)";
			productReference = D04EDA90273137F6009BB455 /* ConteneurCloudKit.app */;
			productType = "com.apple.product-type.application";
		};
/* End PBXNativeTarget section */

/* Begin PBXProject section */
		D04EDA7B273137F5009BB455 /* Project object */ = {
			isa = PBXProject;
			attributes = {
				BuildIndependentTargetsInParallel = 1;
				LastSwiftUpdateCheck = 1310;
				LastUpgradeCheck = 1320;
				TargetAttributes = {
					D04EDA89273137F6009BB455 = {
						CreatedOnToolsVersion = 13.1;
					};
					D04EDA8F273137F6009BB455 = {
						CreatedOnToolsVersion = 13.1;
					};
				};
			};
			buildConfigurationList = D04EDA7E273137F5009BB455 /* Build configuration list for PBXProject "ConteneurCloudKit" */;
			compatibilityVersion = "Xcode 13.0";
			developmentRegion = en;
			hasScannedForEncodings = 0;
			knownRegions = (
				en,
				Base,
			);
			mainGroup = D04EDA7A273137F5009BB455;
			productRefGroup = D04EDA8B273137F6009BB455 /* Products */;
			projectDirPath = "";
			projectRoot = "";
			targets = (
				D04EDA89273137F6009BB455 /* ConteneurCloudKit (iOS) */,
				D04EDA8F273137F6009BB455 /* ConteneurCloudKit (macOS) */,
			);
		};
/* End PBXProject section */

/* Begin PBXResourcesBuildPhase section */
		D04EDA88273137F6009BB455 /* Resources */ = {
			isa = PBXResourcesBuildPhase;
			buildActionMask = 2147483647;
			files = (
				D04EDA9B273137F6009BB455 /* Assets.xcassets in Resources */,
			);
			runOnlyForDeploymentPostprocessing = 0;
		};
		D04EDA8E273137F6009BB455 /* Resources */ = {
			isa = PBXResourcesBuildPhase;
			buildActionMask = 2147483647;
			files = (
				D04EDA9C273137F6009BB455 /* Assets.xcassets in Resources */,
			);
			runOnlyForDeploymentPostprocessing = 0;
		};
/* End PBXResourcesBuildPhase section */

/* Begin PBXSourcesBuildPhase section */
		D04EDA86273137F6009BB455 /* Sources */ = {
			isa = PBXSourcesBuildPhase;
			buildActionMask = 2147483647;
			files = (
				D04EDA95273137F6009BB455 /* ConteneurCloudKitApp.swift in Sources */,
				D04EDA99273137F6009BB455 /* Persistence.swift in Sources */,
				D061AEE427805B8E00B19ED6 /* ConteneurCloudKit.xcdatamodel in Sources */,
				D0A232AF27746649006A3320 /* Etiquette.swift in Sources */,
				D01830832746446E000889E2 /* VueCelluleItemGroupe.swift in Sources */,
				D0203D0E2785BFC300C6A5A6 /* VueValeurItemPrincipal.swift in Sources */,
				D0E8974E278ACD0600A82214 /* Binding+.swift in Sources */,
				D05AFAA427510C83001CCA52 /* EtiquetteCoordonnees.swift in Sources */,
				D06D875927567DDA0038C955 /* Utilisateur.swift in Sources */,
				D04B259127747C5800AD171D /* Groupe+CoreDataProperties.swift in Sources */,
				D018308027464271000889E2 /* VueAffectationItemGroupe.swift in Sources */,
				D04B259327747C5800AD171D /* Item+CoreDataProperties.swift in Sources */,
				D0E22A2C278058D700F4F89C /* ConteneurCloudKit.xcdatamodeld in Sources */,
				D04B2596277869BD00AD171D /* Coordonnees+.swift in Sources */,
				D018306B2742E567000889E2 /* ListeItem.swift in Sources */,
				D0385A242771BEF10063E926 /* Vues+.swift in Sources */,
				D0DFCA4B278D879400914ECF /* BarreOutilsItem.swift in Sources */,
				D04A0D562732DF2900EFDCAC /* Historien.swift in Sources */,
				D018306E2743BB1C000889E2 /* ListeGroupe.swift in Sources */,
				D0385A2D277211010063E926 /* Reglages.swift in Sources */,
				D0E897272789957B00A82214 /* Etat.swift in Sources */,
				D01830712743BEEC000889E2 /* VueDetailGroupe.swift in Sources */,
				D018308627466129000889E2 /* Item+.swift in Sources */,
				D04B25D32779C4BC00AD171D /* VueEditionLieu.swift in Sources */,
				D0E8972427877D7000A82214 /* Erreurs.swift in Sources */,
				D04B25CD2779C44E00AD171D /* Lieu.swift in Sources */,
				D0E893C727561FBB0054951E /* Item+CoreDataClass.swift in Sources */,
				D05AFAAB27561DF8001CCA52 /* Groupe+CoreDataClass.swift in Sources */,
				D0DFCA6A27943F4800914ECF /* VueCarteEdition.swift in Sources */,
				D01830742743C068000889E2 /* VueCartographique.swift in Sources */,
				D0DFCA572791CC6600914ECF /* VueCarte.swift in Sources */,
				D0DFCA51278EDC4300914ECF /* VuePrincipale-ViewModel.swift in Sources */,
				D0DFCA5A2792ECC500914ECF /* VueModifItem.swift in Sources */,
				D0C9D9B7274E452600388059 /* Horloge.swift in Sources */,
				D0B84E422764A885000E6849 /* VueModifGroupe.swift in Sources */,
				D0385A3027724D010063E926 /* Voyant.swift in Sources */,
				D0627E95275A412B00F51592 /* ListeCollaboratif.swift in Sources */,
				D0E893CC27562E210054951E /* Groupe+.swift in Sources */,
				D0DFCA542791BDF200914ECF /* VueDetailItem.swift in Sources */,
				D018307A2743F98D000889E2 /* VueAjouterGroupe.swift in Sources */,
				D01830772743DDE4000889E2 /* VuePrincipale.swift in Sources */,
			);
			runOnlyForDeploymentPostprocessing = 0;
		};
		D04EDA8C273137F6009BB455 /* Sources */ = {
			isa = PBXSourcesBuildPhase;
			buildActionMask = 2147483647;
			files = (
				D04EDA96273137F6009BB455 /* ConteneurCloudKitApp.swift in Sources */,
				D04EDA9A273137F6009BB455 /* Persistence.swift in Sources */,
				D061AEE527805B8E00B19ED6 /* ConteneurCloudKit.xcdatamodel in Sources */,
				D0A232B027746649006A3320 /* Etiquette.swift in Sources */,
				D01830842746446E000889E2 /* VueCelluleItemGroupe.swift in Sources */,
				D0203D0F2785BFC300C6A5A6 /* VueValeurItemPrincipal.swift in Sources */,
				D0E8974F278ACD0600A82214 /* Binding+.swift in Sources */,
				D05AFAA527510C83001CCA52 /* EtiquetteCoordonnees.swift in Sources */,
				D06D875A27567DDA0038C955 /* Utilisateur.swift in Sources */,
				D04B259227747C5800AD171D /* Groupe+CoreDataProperties.swift in Sources */,
				D018308127464271000889E2 /* VueAffectationItemGroupe.swift in Sources */,
				D04B259427747C5800AD171D /* Item+CoreDataProperties.swift in Sources */,
				D0E22A2D278058D700F4F89C /* ConteneurCloudKit.xcdatamodeld in Sources */,
				D04B2597277869BD00AD171D /* Coordonnees+.swift in Sources */,
				D018306C2742E567000889E2 /* ListeItem.swift in Sources */,
				D0385A252771BEF10063E926 /* Vues+.swift in Sources */,
				D0DFCA4C278D879600914ECF /* BarreOutilsItem.swift in Sources */,
				D04A0D572732DF2900EFDCAC /* Historien.swift in Sources */,
				D018306F2743BB1C000889E2 /* ListeGroupe.swift in Sources */,
				D0385A2E277211010063E926 /* Reglages.swift in Sources */,
				D0E897282789957B00A82214 /* Etat.swift in Sources */,
				D01830722743BEEC000889E2 /* VueDetailGroupe.swift in Sources */,
				D018308727466129000889E2 /* Item+.swift in Sources */,
				D04B25D42779C4BC00AD171D /* VueEditionLieu.swift in Sources */,
				D0E8972527877D7000A82214 /* Erreurs.swift in Sources */,
				D04B25CE2779C44E00AD171D /* Lieu.swift in Sources */,
				D0E893C827561FBB0054951E /* Item+CoreDataClass.swift in Sources */,
				D05AFAAC27561DF8001CCA52 /* Groupe+CoreDataClass.swift in Sources */,
				D0DFCA6B27943F4800914ECF /* VueCarteEdition.swift in Sources */,
				D01830752743C068000889E2 /* VueCartographique.swift in Sources */,
				D0DFCA582791CC6600914ECF /* VueCarte.swift in Sources */,
				D0DFCA52278EDC4300914ECF /* VuePrincipale-ViewModel.swift in Sources */,
				D0DFCA5B2792ECC500914ECF /* VueModifItem.swift in Sources */,
				D0C9D9B8274E452600388059 /* Horloge.swift in Sources */,
				D0B84E432764A885000E6849 /* VueModifGroupe.swift in Sources */,
				D0385A3127724D010063E926 /* Voyant.swift in Sources */,
				D0627E96275A412B00F51592 /* ListeCollaboratif.swift in Sources */,
				D0E893CD27562E210054951E /* Groupe+.swift in Sources */,
				D0DFCA552791BDF200914ECF /* VueDetailItem.swift in Sources */,
				D018307B2743F98D000889E2 /* VueAjouterGroupe.swift in Sources */,
				D01830782743DDE4000889E2 /* VuePrincipale.swift in Sources */,
			);
			runOnlyForDeploymentPostprocessing = 0;
		};
/* End PBXSourcesBuildPhase section */

/* Begin XCBuildConfiguration section */
		D04EDA9D273137F6009BB455 /* Debug */ = {
			isa = XCBuildConfiguration;
			buildSettings = {
				ALWAYS_SEARCH_USER_PATHS = NO;
				CLANG_ANALYZER_NONNULL = YES;
				CLANG_ANALYZER_NUMBER_OBJECT_CONVERSION = YES_AGGRESSIVE;
				CLANG_CXX_LANGUAGE_STANDARD = "gnu++17";
				CLANG_CXX_LIBRARY = "libc++";
				CLANG_ENABLE_MODULES = YES;
				CLANG_ENABLE_OBJC_ARC = YES;
				CLANG_ENABLE_OBJC_WEAK = YES;
				CLANG_WARN_BLOCK_CAPTURE_AUTORELEASING = YES;
				CLANG_WARN_BOOL_CONVERSION = YES;
				CLANG_WARN_COMMA = YES;
				CLANG_WARN_CONSTANT_CONVERSION = YES;
				CLANG_WARN_DEPRECATED_OBJC_IMPLEMENTATIONS = YES;
				CLANG_WARN_DIRECT_OBJC_ISA_USAGE = YES_ERROR;
				CLANG_WARN_DOCUMENTATION_COMMENTS = YES;
				CLANG_WARN_EMPTY_BODY = YES;
				CLANG_WARN_ENUM_CONVERSION = YES;
				CLANG_WARN_INFINITE_RECURSION = YES;
				CLANG_WARN_INT_CONVERSION = YES;
				CLANG_WARN_NON_LITERAL_NULL_CONVERSION = YES;
				CLANG_WARN_OBJC_IMPLICIT_RETAIN_SELF = YES;
				CLANG_WARN_OBJC_LITERAL_CONVERSION = YES;
				CLANG_WARN_OBJC_ROOT_CLASS = YES_ERROR;
				CLANG_WARN_QUOTED_INCLUDE_IN_FRAMEWORK_HEADER = YES;
				CLANG_WARN_RANGE_LOOP_ANALYSIS = YES;
				CLANG_WARN_STRICT_PROTOTYPES = YES;
				CLANG_WARN_SUSPICIOUS_MOVE = YES;
				CLANG_WARN_UNGUARDED_AVAILABILITY = YES_AGGRESSIVE;
				CLANG_WARN_UNREACHABLE_CODE = YES;
				CLANG_WARN__DUPLICATE_METHOD_MATCH = YES;
				COPY_PHASE_STRIP = NO;
				DEBUG_INFORMATION_FORMAT = dwarf;
				ENABLE_STRICT_OBJC_MSGSEND = YES;
				ENABLE_TESTABILITY = YES;
				GCC_C_LANGUAGE_STANDARD = gnu11;
				GCC_DYNAMIC_NO_PIC = NO;
				GCC_NO_COMMON_BLOCKS = YES;
				GCC_OPTIMIZATION_LEVEL = 0;
				GCC_PREPROCESSOR_DEFINITIONS = (
					"DEBUG=1",
					"$(inherited)",
				);
				GCC_WARN_64_TO_32_BIT_CONVERSION = YES;
				GCC_WARN_ABOUT_RETURN_TYPE = YES_ERROR;
				GCC_WARN_UNDECLARED_SELECTOR = YES;
				GCC_WARN_UNINITIALIZED_AUTOS = YES_AGGRESSIVE;
				GCC_WARN_UNUSED_FUNCTION = YES;
				GCC_WARN_UNUSED_VARIABLE = YES;
				MTL_ENABLE_DEBUG_INFO = INCLUDE_SOURCE;
				MTL_FAST_MATH = YES;
				ONLY_ACTIVE_ARCH = YES;
				SWIFT_ACTIVE_COMPILATION_CONDITIONS = DEBUG;
				SWIFT_OPTIMIZATION_LEVEL = "-Onone";
			};
			name = Debug;
		};
		D04EDA9E273137F6009BB455 /* Release */ = {
			isa = XCBuildConfiguration;
			buildSettings = {
				ALWAYS_SEARCH_USER_PATHS = NO;
				CLANG_ANALYZER_NONNULL = YES;
				CLANG_ANALYZER_NUMBER_OBJECT_CONVERSION = YES_AGGRESSIVE;
				CLANG_CXX_LANGUAGE_STANDARD = "gnu++17";
				CLANG_CXX_LIBRARY = "libc++";
				CLANG_ENABLE_MODULES = YES;
				CLANG_ENABLE_OBJC_ARC = YES;
				CLANG_ENABLE_OBJC_WEAK = YES;
				CLANG_WARN_BLOCK_CAPTURE_AUTORELEASING = YES;
				CLANG_WARN_BOOL_CONVERSION = YES;
				CLANG_WARN_COMMA = YES;
				CLANG_WARN_CONSTANT_CONVERSION = YES;
				CLANG_WARN_DEPRECATED_OBJC_IMPLEMENTATIONS = YES;
				CLANG_WARN_DIRECT_OBJC_ISA_USAGE = YES_ERROR;
				CLANG_WARN_DOCUMENTATION_COMMENTS = YES;
				CLANG_WARN_EMPTY_BODY = YES;
				CLANG_WARN_ENUM_CONVERSION = YES;
				CLANG_WARN_INFINITE_RECURSION = YES;
				CLANG_WARN_INT_CONVERSION = YES;
				CLANG_WARN_NON_LITERAL_NULL_CONVERSION = YES;
				CLANG_WARN_OBJC_IMPLICIT_RETAIN_SELF = YES;
				CLANG_WARN_OBJC_LITERAL_CONVERSION = YES;
				CLANG_WARN_OBJC_ROOT_CLASS = YES_ERROR;
				CLANG_WARN_QUOTED_INCLUDE_IN_FRAMEWORK_HEADER = YES;
				CLANG_WARN_RANGE_LOOP_ANALYSIS = YES;
				CLANG_WARN_STRICT_PROTOTYPES = YES;
				CLANG_WARN_SUSPICIOUS_MOVE = YES;
				CLANG_WARN_UNGUARDED_AVAILABILITY = YES_AGGRESSIVE;
				CLANG_WARN_UNREACHABLE_CODE = YES;
				CLANG_WARN__DUPLICATE_METHOD_MATCH = YES;
				COPY_PHASE_STRIP = NO;
				DEBUG_INFORMATION_FORMAT = "dwarf-with-dsym";
				ENABLE_NS_ASSERTIONS = NO;
				ENABLE_STRICT_OBJC_MSGSEND = YES;
				GCC_C_LANGUAGE_STANDARD = gnu11;
				GCC_NO_COMMON_BLOCKS = YES;
				GCC_WARN_64_TO_32_BIT_CONVERSION = YES;
				GCC_WARN_ABOUT_RETURN_TYPE = YES_ERROR;
				GCC_WARN_UNDECLARED_SELECTOR = YES;
				GCC_WARN_UNINITIALIZED_AUTOS = YES_AGGRESSIVE;
				GCC_WARN_UNUSED_FUNCTION = YES;
				GCC_WARN_UNUSED_VARIABLE = YES;
				MTL_ENABLE_DEBUG_INFO = NO;
				MTL_FAST_MATH = YES;
				SWIFT_COMPILATION_MODE = wholemodule;
				SWIFT_OPTIMIZATION_LEVEL = "-O";
			};
			name = Release;
		};
		D04EDAA0273137F6009BB455 /* Debug */ = {
			isa = XCBuildConfiguration;
			buildSettings = {
				ASSETCATALOG_COMPILER_APPICON_NAME = AppIcon;
				ASSETCATALOG_COMPILER_GLOBAL_ACCENT_COLOR_NAME = AccentColor;
				ASSETCATALOG_COMPILER_INCLUDE_ALL_APPICON_ASSETS = NO;
				CODE_SIGN_ENTITLEMENTS = "ConteneurCloudKit (iOS).entitlements";
				CODE_SIGN_STYLE = Automatic;
				CURRENT_PROJECT_VERSION = 1;
				DEVELOPMENT_TEAM = 44739DK98X;
				ENABLE_PREVIEWS = YES;
				GENERATE_INFOPLIST_FILE = YES;
				INFOPLIST_FILE = "ConteneurCloudKit--iOS--Info.plist";
				INFOPLIST_KEY_UIApplicationSceneManifest_Generation = YES;
				INFOPLIST_KEY_UIApplicationSupportsIndirectInputEvents = YES;
				INFOPLIST_KEY_UILaunchScreen_Generation = YES;
				INFOPLIST_KEY_UISupportedInterfaceOrientations_iPad = "UIInterfaceOrientationPortrait UIInterfaceOrientationPortraitUpsideDown UIInterfaceOrientationLandscapeLeft UIInterfaceOrientationLandscapeRight";
				INFOPLIST_KEY_UISupportedInterfaceOrientations_iPhone = "UIInterfaceOrientationPortrait UIInterfaceOrientationLandscapeLeft UIInterfaceOrientationLandscapeRight";
				IPHONEOS_DEPLOYMENT_TARGET = 15.0;
				LD_RUNPATH_SEARCH_PATHS = (
					"$(inherited)",
					"@executable_path/Frameworks",
				);
				MARKETING_VERSION = 1.0;
				PRODUCT_BUNDLE_IDENTIFIER = net.arachante.ConteneurCloudKit;
				PRODUCT_NAME = ConteneurCloudKit;
				SDKROOT = iphoneos;
				SWIFT_EMIT_LOC_STRINGS = YES;
				SWIFT_VERSION = 5.0;
				TARGETED_DEVICE_FAMILY = "1,2";
			};
			name = Debug;
		};
		D04EDAA1273137F6009BB455 /* Release */ = {
			isa = XCBuildConfiguration;
			buildSettings = {
				ASSETCATALOG_COMPILER_APPICON_NAME = AppIcon;
				ASSETCATALOG_COMPILER_GLOBAL_ACCENT_COLOR_NAME = AccentColor;
				ASSETCATALOG_COMPILER_INCLUDE_ALL_APPICON_ASSETS = NO;
				CODE_SIGN_ENTITLEMENTS = "ConteneurCloudKit (iOS).entitlements";
				CODE_SIGN_STYLE = Automatic;
				CURRENT_PROJECT_VERSION = 1;
				DEVELOPMENT_TEAM = 44739DK98X;
				ENABLE_PREVIEWS = YES;
				GENERATE_INFOPLIST_FILE = YES;
				INFOPLIST_FILE = "ConteneurCloudKit--iOS--Info.plist";
				INFOPLIST_KEY_UIApplicationSceneManifest_Generation = YES;
				INFOPLIST_KEY_UIApplicationSupportsIndirectInputEvents = YES;
				INFOPLIST_KEY_UILaunchScreen_Generation = YES;
				INFOPLIST_KEY_UISupportedInterfaceOrientations_iPad = "UIInterfaceOrientationPortrait UIInterfaceOrientationPortraitUpsideDown UIInterfaceOrientationLandscapeLeft UIInterfaceOrientationLandscapeRight";
				INFOPLIST_KEY_UISupportedInterfaceOrientations_iPhone = "UIInterfaceOrientationPortrait UIInterfaceOrientationLandscapeLeft UIInterfaceOrientationLandscapeRight";
				IPHONEOS_DEPLOYMENT_TARGET = 15.0;
				LD_RUNPATH_SEARCH_PATHS = (
					"$(inherited)",
					"@executable_path/Frameworks",
				);
				MARKETING_VERSION = 1.0;
				PRODUCT_BUNDLE_IDENTIFIER = net.arachante.ConteneurCloudKit;
				PRODUCT_NAME = ConteneurCloudKit;
				SDKROOT = iphoneos;
				SWIFT_EMIT_LOC_STRINGS = YES;
				SWIFT_VERSION = 5.0;
				TARGETED_DEVICE_FAMILY = "1,2";
				VALIDATE_PRODUCT = YES;
			};
			name = Release;
		};
		D04EDAA3273137F6009BB455 /* Debug */ = {
			isa = XCBuildConfiguration;
			buildSettings = {
				ASSETCATALOG_COMPILER_APPICON_NAME = AppIcon;
				ASSETCATALOG_COMPILER_GLOBAL_ACCENT_COLOR_NAME = AccentColor;
				CODE_SIGN_ENTITLEMENTS = macOS/macOS.entitlements;
				CODE_SIGN_IDENTITY = "-";
				CODE_SIGN_STYLE = Automatic;
				COMBINE_HIDPI_IMAGES = YES;
				CURRENT_PROJECT_VERSION = 1;
				DEVELOPMENT_TEAM = 44739DK98X;
				ENABLE_HARDENED_RUNTIME = YES;
				ENABLE_PREVIEWS = YES;
				GENERATE_INFOPLIST_FILE = YES;
				INFOPLIST_KEY_NSHumanReadableCopyright = "";
				LD_RUNPATH_SEARCH_PATHS = (
					"$(inherited)",
					"@executable_path/../Frameworks",
				);
				MACOSX_DEPLOYMENT_TARGET = 12.0;
				MARKETING_VERSION = 1.0;
				PRODUCT_BUNDLE_IDENTIFIER = net.arachante.ConteneurCloudKit;
				PRODUCT_NAME = ConteneurCloudKit;
				SDKROOT = macosx;
				SWIFT_EMIT_LOC_STRINGS = YES;
				SWIFT_VERSION = 5.0;
			};
			name = Debug;
		};
		D04EDAA4273137F6009BB455 /* Release */ = {
			isa = XCBuildConfiguration;
			buildSettings = {
				ASSETCATALOG_COMPILER_APPICON_NAME = AppIcon;
				ASSETCATALOG_COMPILER_GLOBAL_ACCENT_COLOR_NAME = AccentColor;
				CODE_SIGN_ENTITLEMENTS = macOS/macOS.entitlements;
				CODE_SIGN_IDENTITY = "-";
				CODE_SIGN_STYLE = Automatic;
				COMBINE_HIDPI_IMAGES = YES;
				CURRENT_PROJECT_VERSION = 1;
				DEVELOPMENT_TEAM = 44739DK98X;
				ENABLE_HARDENED_RUNTIME = YES;
				ENABLE_PREVIEWS = YES;
				GENERATE_INFOPLIST_FILE = YES;
				INFOPLIST_KEY_NSHumanReadableCopyright = "";
				LD_RUNPATH_SEARCH_PATHS = (
					"$(inherited)",
					"@executable_path/../Frameworks",
				);
				MACOSX_DEPLOYMENT_TARGET = 12.0;
				MARKETING_VERSION = 1.0;
				PRODUCT_BUNDLE_IDENTIFIER = net.arachante.ConteneurCloudKit;
				PRODUCT_NAME = ConteneurCloudKit;
				SDKROOT = macosx;
				SWIFT_EMIT_LOC_STRINGS = YES;
				SWIFT_VERSION = 5.0;
			};
			name = Release;
		};
/* End XCBuildConfiguration section */

/* Begin XCConfigurationList section */
		D04EDA7E273137F5009BB455 /* Build configuration list for PBXProject "ConteneurCloudKit" */ = {
			isa = XCConfigurationList;
			buildConfigurations = (
				D04EDA9D273137F6009BB455 /* Debug */,
				D04EDA9E273137F6009BB455 /* Release */,
			);
			defaultConfigurationIsVisible = 0;
			defaultConfigurationName = Release;
		};
		D04EDA9F273137F6009BB455 /* Build configuration list for PBXNativeTarget "ConteneurCloudKit (iOS)" */ = {
			isa = XCConfigurationList;
			buildConfigurations = (
				D04EDAA0273137F6009BB455 /* Debug */,
				D04EDAA1273137F6009BB455 /* Release */,
			);
			defaultConfigurationIsVisible = 0;
			defaultConfigurationName = Release;
		};
		D04EDAA2273137F6009BB455 /* Build configuration list for PBXNativeTarget "ConteneurCloudKit (macOS)" */ = {
			isa = XCConfigurationList;
			buildConfigurations = (
				D04EDAA3273137F6009BB455 /* Debug */,
				D04EDAA4273137F6009BB455 /* Release */,
			);
			defaultConfigurationIsVisible = 0;
			defaultConfigurationName = Release;
		};
/* End XCConfigurationList section */

/* Begin XCVersionGroup section */
		D0E22A2A278058D700F4F89C /* ConteneurCloudKit.xcdatamodeld */ = {
			isa = XCVersionGroup;
			children = (
				D0E22A2B278058D700F4F89C /* ConteneurCloudKit.xcdatamodel */,
			);
			currentVersion = D0E22A2B278058D700F4F89C /* ConteneurCloudKit.xcdatamodel */;
			path = ConteneurCloudKit.xcdatamodeld;
			sourceTree = "<group>";
			versionGroupType = wrapper.xcdatamodel;
		};
/* End XCVersionGroup section */
	};
	rootObject = D04EDA7B273137F5009BB455 /* Project object */;
}
